// !$*UTF8*$!
{
	archiveVersion = 1;
	classes = {
	};
	objectVersion = 56;
	objects = {

/* Begin PBXBuildFile section */
		311642842ACFE31A00315AD3 /* AppDelegate.swift in Sources */ = {isa = PBXBuildFile; fileRef = 311642832ACFE31A00315AD3 /* AppDelegate.swift */; };
		311642862ACFE31A00315AD3 /* SceneDelegate.swift in Sources */ = {isa = PBXBuildFile; fileRef = 311642852ACFE31A00315AD3 /* SceneDelegate.swift */; };
		311642882ACFE31A00315AD3 /* ViewController.swift in Sources */ = {isa = PBXBuildFile; fileRef = 311642872ACFE31A00315AD3 /* ViewController.swift */; };
		3116428B2ACFE31A00315AD3 /* Main.storyboard in Resources */ = {isa = PBXBuildFile; fileRef = 311642892ACFE31A00315AD3 /* Main.storyboard */; };
		3116428D2ACFE31B00315AD3 /* Assets.xcassets in Resources */ = {isa = PBXBuildFile; fileRef = 3116428C2ACFE31B00315AD3 /* Assets.xcassets */; };
		311642902ACFE31B00315AD3 /* LaunchScreen.storyboard in Resources */ = {isa = PBXBuildFile; fileRef = 3116428E2ACFE31B00315AD3 /* LaunchScreen.storyboard */; };
		3116429A2ACFE51900315AD3 /* UIImage+extensions.swift in Sources */ = {isa = PBXBuildFile; fileRef = 311642992ACFE51900315AD3 /* UIImage+extensions.swift */; };
		311642A02ACFE5A900315AD3 /* SLFileManager.swift in Sources */ = {isa = PBXBuildFile; fileRef = 3116429F2ACFE5A900315AD3 /* SLFileManager.swift */; };
		311642A22ACFE6DC00315AD3 /* UIVIewController+Extensions.swift in Sources */ = {isa = PBXBuildFile; fileRef = 311642A12ACFE6DC00315AD3 /* UIVIewController+Extensions.swift */; };
/* End PBXBuildFile section */

/* Begin PBXFileReference section */
		311642802ACFE31A00315AD3 /* White image.app */ = {isa = PBXFileReference; explicitFileType = wrapper.application; includeInIndex = 0; path = "White image.app"; sourceTree = BUILT_PRODUCTS_DIR; };
		311642832ACFE31A00315AD3 /* AppDelegate.swift */ = {isa = PBXFileReference; lastKnownFileType = sourcecode.swift; path = AppDelegate.swift; sourceTree = "<group>"; };
		311642852ACFE31A00315AD3 /* SceneDelegate.swift */ = {isa = PBXFileReference; lastKnownFileType = sourcecode.swift; path = SceneDelegate.swift; sourceTree = "<group>"; };
		311642872ACFE31A00315AD3 /* ViewController.swift */ = {isa = PBXFileReference; lastKnownFileType = sourcecode.swift; path = ViewController.swift; sourceTree = "<group>"; };
		3116428A2ACFE31A00315AD3 /* Base */ = {isa = PBXFileReference; lastKnownFileType = file.storyboard; name = Base; path = Base.lproj/Main.storyboard; sourceTree = "<group>"; };
		3116428C2ACFE31B00315AD3 /* Assets.xcassets */ = {isa = PBXFileReference; lastKnownFileType = folder.assetcatalog; path = Assets.xcassets; sourceTree = "<group>"; };
		3116428F2ACFE31B00315AD3 /* Base */ = {isa = PBXFileReference; lastKnownFileType = file.storyboard; name = Base; path = Base.lproj/LaunchScreen.storyboard; sourceTree = "<group>"; };
		311642912ACFE31B00315AD3 /* Info.plist */ = {isa = PBXFileReference; lastKnownFileType = text.plist.xml; path = Info.plist; sourceTree = "<group>"; };
		311642992ACFE51900315AD3 /* UIImage+extensions.swift */ = {isa = PBXFileReference; fileEncoding = 4; lastKnownFileType = sourcecode.swift; path = "UIImage+extensions.swift"; sourceTree = "<group>"; };
		3116429F2ACFE5A900315AD3 /* SLFileManager.swift */ = {isa = PBXFileReference; lastKnownFileType = sourcecode.swift; name = SLFileManager.swift; path = ../SLFileManager.swift; sourceTree = "<group>"; };
		311642A12ACFE6DC00315AD3 /* UIVIewController+Extensions.swift */ = {isa = PBXFileReference; lastKnownFileType = sourcecode.swift; path = "UIVIewController+Extensions.swift"; sourceTree = "<group>"; };
/* End PBXFileReference section */

/* Begin PBXFrameworksBuildPhase section */
		3116427D2ACFE31A00315AD3 /* Frameworks */ = {
			isa = PBXFrameworksBuildPhase;
			buildActionMask = 2147483647;
			files = (
			);
			runOnlyForDeploymentPostprocessing = 0;
		};
/* End PBXFrameworksBuildPhase section */

/* Begin PBXGroup section */
		311642772ACFE31A00315AD3 = {
			isa = PBXGroup;
			children = (
				311642A12ACFE6DC00315AD3 /* UIVIewController+Extensions.swift */,
				311642822ACFE31A00315AD3 /* White image */,
				311642812ACFE31A00315AD3 /* Products */,
			);
			sourceTree = "<group>";
		};
		311642812ACFE31A00315AD3 /* Products */ = {
			isa = PBXGroup;
			children = (
				311642802ACFE31A00315AD3 /* White image.app */,
			);
			name = Products;
			sourceTree = "<group>";
		};
		311642822ACFE31A00315AD3 /* White image */ = {
			isa = PBXGroup;
			children = (
				311642832ACFE31A00315AD3 /* AppDelegate.swift */,
				311642852ACFE31A00315AD3 /* SceneDelegate.swift */,
				311642872ACFE31A00315AD3 /* ViewController.swift */,
				311642892ACFE31A00315AD3 /* Main.storyboard */,
				3116428C2ACFE31B00315AD3 /* Assets.xcassets */,
				3116428E2ACFE31B00315AD3 /* LaunchScreen.storyboard */,
				311642912ACFE31B00315AD3 /* Info.plist */,
				311642992ACFE51900315AD3 /* UIImage+extensions.swift */,
				3116429F2ACFE5A900315AD3 /* SLFileManager.swift */,
			);
			path = "White image";
			sourceTree = "<group>";
		};
/* End PBXGroup section */

/* Begin PBXNativeTarget section */
		3116427F2ACFE31A00315AD3 /* White image */ = {
			isa = PBXNativeTarget;
			buildConfigurationList = 311642942ACFE31B00315AD3 /* Build configuration list for PBXNativeTarget "White image" */;
			buildPhases = (
				3116427C2ACFE31A00315AD3 /* Sources */,
				3116427D2ACFE31A00315AD3 /* Frameworks */,
				3116427E2ACFE31A00315AD3 /* Resources */,
			);
			buildRules = (
			);
			dependencies = (
			);
			name = "White image";
			productName = "White image";
			productReference = 311642802ACFE31A00315AD3 /* White image.app */;
			productType = "com.apple.product-type.application";
		};
/* End PBXNativeTarget section */

/* Begin PBXProject section */
		311642782ACFE31A00315AD3 /* Project object */ = {
			isa = PBXProject;
			attributes = {
				BuildIndependentTargetsInParallel = 1;
				LastSwiftUpdateCheck = 1500;
				LastUpgradeCheck = 1500;
				TargetAttributes = {
					3116427F2ACFE31A00315AD3 = {
						CreatedOnToolsVersion = 15.0;
					};
				};
			};
			buildConfigurationList = 3116427B2ACFE31A00315AD3 /* Build configuration list for PBXProject "White image" */;
			compatibilityVersion = "Xcode 14.0";
			developmentRegion = en;
			hasScannedForEncodings = 0;
			knownRegions = (
				en,
				Base,
			);
			mainGroup = 311642772ACFE31A00315AD3;
			productRefGroup = 311642812ACFE31A00315AD3 /* Products */;
			projectDirPath = "";
			projectRoot = "";
			targets = (
				3116427F2ACFE31A00315AD3 /* White image */,
			);
		};
/* End PBXProject section */

/* Begin PBXResourcesBuildPhase section */
		3116427E2ACFE31A00315AD3 /* Resources */ = {
			isa = PBXResourcesBuildPhase;
			buildActionMask = 2147483647;
			files = (
				311642902ACFE31B00315AD3 /* LaunchScreen.storyboard in Resources */,
				3116428D2ACFE31B00315AD3 /* Assets.xcassets in Resources */,
				3116428B2ACFE31A00315AD3 /* Main.storyboard in Resources */,
			);
			runOnlyForDeploymentPostprocessing = 0;
		};
/* End PBXResourcesBuildPhase section */

/* Begin PBXSourcesBuildPhase section */
		3116427C2ACFE31A00315AD3 /* Sources */ = {
			isa = PBXSourcesBuildPhase;
			buildActionMask = 2147483647;
			files = (
				311642882ACFE31A00315AD3 /* ViewController.swift in Sources */,
				311642A02ACFE5A900315AD3 /* SLFileManager.swift in Sources */,
				311642842ACFE31A00315AD3 /* AppDelegate.swift in Sources */,
				311642862ACFE31A00315AD3 /* SceneDelegate.swift in Sources */,
				311642A22ACFE6DC00315AD3 /* UIVIewController+Extensions.swift in Sources */,
				3116429A2ACFE51900315AD3 /* UIImage+extensions.swift in Sources */,
			);
			runOnlyForDeploymentPostprocessing = 0;
		};
/* End PBXSourcesBuildPhase section */

/* Begin PBXVariantGroup section */
		311642892ACFE31A00315AD3 /* Main.storyboard */ = {
			isa = PBXVariantGroup;
			children = (
				3116428A2ACFE31A00315AD3 /* Base */,
			);
			name = Main.storyboard;
			sourceTree = "<group>";
		};
		3116428E2ACFE31B00315AD3 /* LaunchScreen.storyboard */ = {
			isa = PBXVariantGroup;
			children = (
				3116428F2ACFE31B00315AD3 /* Base */,
			);
			name = LaunchScreen.storyboard;
			sourceTree = "<group>";
		};
/* End PBXVariantGroup section */

/* Begin XCBuildConfiguration section */
		311642922ACFE31B00315AD3 /* Debug */ = {
			isa = XCBuildConfiguration;
			buildSettings = {
				ALWAYS_SEARCH_USER_PATHS = NO;
				ASSETCATALOG_COMPILER_GENERATE_SWIFT_ASSET_SYMBOL_EXTENSIONS = YES;
				CLANG_ANALYZER_NONNULL = YES;
				CLANG_ANALYZER_NUMBER_OBJECT_CONVERSION = YES_AGGRESSIVE;
				CLANG_CXX_LANGUAGE_STANDARD = "gnu++20";
				CLANG_ENABLE_MODULES = YES;
				CLANG_ENABLE_OBJC_ARC = YES;
				CLANG_ENABLE_OBJC_WEAK = YES;
				CLANG_WARN_BLOCK_CAPTURE_AUTORELEASING = YES;
				CLANG_WARN_BOOL_CONVERSION = YES;
				CLANG_WARN_COMMA = YES;
				CLANG_WARN_CONSTANT_CONVERSION = YES;
				CLANG_WARN_DEPRECATED_OBJC_IMPLEMENTATIONS = YES;
				CLANG_WARN_DIRECT_OBJC_ISA_USAGE = YES_ERROR;
				CLANG_WARN_DOCUMENTATION_COMMENTS = YES;
				CLANG_WARN_EMPTY_BODY = YES;
				CLANG_WARN_ENUM_CONVERSION = YES;
				CLANG_WARN_INFINITE_RECURSION = YES;
				CLANG_WARN_INT_CONVERSION = YES;
				CLANG_WARN_NON_LITERAL_NULL_CONVERSION = YES;
				CLANG_WARN_OBJC_IMPLICIT_RETAIN_SELF = YES;
				CLANG_WARN_OBJC_LITERAL_CONVERSION = YES;
				CLANG_WARN_OBJC_ROOT_CLASS = YES_ERROR;
				CLANG_WARN_QUOTED_INCLUDE_IN_FRAMEWORK_HEADER = YES;
				CLANG_WARN_RANGE_LOOP_ANALYSIS = YES;
				CLANG_WARN_STRICT_PROTOTYPES = YES;
				CLANG_WARN_SUSPICIOUS_MOVE = YES;
				CLANG_WARN_UNGUARDED_AVAILABILITY = YES_AGGRESSIVE;
				CLANG_WARN_UNREACHABLE_CODE = YES;
				CLANG_WARN__DUPLICATE_METHOD_MATCH = YES;
				COPY_PHASE_STRIP = NO;
				DEBUG_INFORMATION_FORMAT = dwarf;
				ENABLE_STRICT_OBJC_MSGSEND = YES;
				ENABLE_TESTABILITY = YES;
				ENABLE_USER_SCRIPT_SANDBOXING = YES;
				GCC_C_LANGUAGE_STANDARD = gnu17;
				GCC_DYNAMIC_NO_PIC = NO;
				GCC_NO_COMMON_BLOCKS = YES;
				GCC_OPTIMIZATION_LEVEL = 0;
				GCC_PREPROCESSOR_DEFINITIONS = (
					"DEBUG=1",
					"$(inherited)",
				);
				GCC_WARN_64_TO_32_BIT_CONVERSION = YES;
				GCC_WARN_ABOUT_RETURN_TYPE = YES_ERROR;
				GCC_WARN_UNDECLARED_SELECTOR = YES;
				GCC_WARN_UNINITIALIZED_AUTOS = YES_AGGRESSIVE;
				GCC_WARN_UNUSED_FUNCTION = YES;
				GCC_WARN_UNUSED_VARIABLE = YES;
				IPHONEOS_DEPLOYMENT_TARGET = 17.0;
				LOCALIZATION_PREFERS_STRING_CATALOGS = YES;
				MTL_ENABLE_DEBUG_INFO = INCLUDE_SOURCE;
				MTL_FAST_MATH = YES;
				ONLY_ACTIVE_ARCH = YES;
				SDKROOT = iphoneos;
				SWIFT_ACTIVE_COMPILATION_CONDITIONS = "DEBUG $(inherited)";
				SWIFT_OPTIMIZATION_LEVEL = "-Onone";
			};
			name = Debug;
		};
		311642932ACFE31B00315AD3 /* Release */ = {
			isa = XCBuildConfiguration;
			buildSettings = {
				ALWAYS_SEARCH_USER_PATHS = NO;
				ASSETCATALOG_COMPILER_GENERATE_SWIFT_ASSET_SYMBOL_EXTENSIONS = YES;
				CLANG_ANALYZER_NONNULL = YES;
				CLANG_ANALYZER_NUMBER_OBJECT_CONVERSION = YES_AGGRESSIVE;
				CLANG_CXX_LANGUAGE_STANDARD = "gnu++20";
				CLANG_ENABLE_MODULES = YES;
				CLANG_ENABLE_OBJC_ARC = YES;
				CLANG_ENABLE_OBJC_WEAK = YES;
				CLANG_WARN_BLOCK_CAPTURE_AUTORELEASING = YES;
				CLANG_WARN_BOOL_CONVERSION = YES;
				CLANG_WARN_COMMA = YES;
				CLANG_WARN_CONSTANT_CONVERSION = YES;
				CLANG_WARN_DEPRECATED_OBJC_IMPLEMENTATIONS = YES;
				CLANG_WARN_DIRECT_OBJC_ISA_USAGE = YES_ERROR;
				CLANG_WARN_DOCUMENTATION_COMMENTS = YES;
				CLANG_WARN_EMPTY_BODY = YES;
				CLANG_WARN_ENUM_CONVERSION = YES;
				CLANG_WARN_INFINITE_RECURSION = YES;
				CLANG_WARN_INT_CONVERSION = YES;
				CLANG_WARN_NON_LITERAL_NULL_CONVERSION = YES;
				CLANG_WARN_OBJC_IMPLICIT_RETAIN_SELF = YES;
				CLANG_WARN_OBJC_LITERAL_CONVERSION = YES;
				CLANG_WARN_OBJC_ROOT_CLASS = YES_ERROR;
				CLANG_WARN_QUOTED_INCLUDE_IN_FRAMEWORK_HEADER = YES;
				CLANG_WARN_RANGE_LOOP_ANALYSIS = YES;
				CLANG_WARN_STRICT_PROTOTYPES = YES;
				CLANG_WARN_SUSPICIOUS_MOVE = YES;
				CLANG_WARN_UNGUARDED_AVAILABILITY = YES_AGGRESSIVE;
				CLANG_WARN_UNREACHABLE_CODE = YES;
				CLANG_WARN__DUPLICATE_METHOD_MATCH = YES;
				COPY_PHASE_STRIP = NO;
				DEBUG_INFORMATION_FORMAT = "dwarf-with-dsym";
				ENABLE_NS_ASSERTIONS = NO;
				ENABLE_STRICT_OBJC_MSGSEND = YES;
				ENABLE_USER_SCRIPT_SANDBOXING = YES;
				GCC_C_LANGUAGE_STANDARD = gnu17;
				GCC_NO_COMMON_BLOCKS = YES;
				GCC_WARN_64_TO_32_BIT_CONVERSION = YES;
				GCC_WARN_ABOUT_RETURN_TYPE = YES_ERROR;
				GCC_WARN_UNDECLARED_SELECTOR = YES;
				GCC_WARN_UNINITIALIZED_AUTOS = YES_AGGRESSIVE;
				GCC_WARN_UNUSED_FUNCTION = YES;
				GCC_WARN_UNUSED_VARIABLE = YES;
				IPHONEOS_DEPLOYMENT_TARGET = 17.0;
				LOCALIZATION_PREFERS_STRING_CATALOGS = YES;
				MTL_ENABLE_DEBUG_INFO = NO;
				MTL_FAST_MATH = YES;
				SDKROOT = iphoneos;
				SWIFT_COMPILATION_MODE = wholemodule;
				VALIDATE_PRODUCT = YES;
			};
			name = Release;
		};
		311642952ACFE31B00315AD3 /* Debug */ = {
			isa = XCBuildConfiguration;
			buildSettings = {
				ASSETCATALOG_COMPILER_APPICON_NAME = AppIcon;
				ASSETCATALOG_COMPILER_GLOBAL_ACCENT_COLOR_NAME = AccentColor;
				CODE_SIGN_STYLE = Automatic;
				CURRENT_PROJECT_VERSION = 1;
				DEVELOPMENT_TEAM = 5P927HV9G6;
				GENERATE_INFOPLIST_FILE = YES;
				INFOPLIST_FILE = "White image/Info.plist";
				INFOPLIST_KEY_UIApplicationSupportsIndirectInputEvents = YES;
				INFOPLIST_KEY_UILaunchStoryboardName = LaunchScreen;
				INFOPLIST_KEY_UIMainStoryboardFile = Main;
				INFOPLIST_KEY_UISupportedInterfaceOrientations_iPad = "UIInterfaceOrientationPortrait UIInterfaceOrientationPortraitUpsideDown UIInterfaceOrientationLandscapeLeft UIInterfaceOrientationLandscapeRight";
				INFOPLIST_KEY_UISupportedInterfaceOrientations_iPhone = "UIInterfaceOrientationPortrait UIInterfaceOrientationLandscapeLeft UIInterfaceOrientationLandscapeRight";
				LD_RUNPATH_SEARCH_PATHS = (
					"$(inherited)",
					"@executable_path/Frameworks",
				);
				MARKETING_VERSION = 1.0;
				PRODUCT_BUNDLE_IDENTIFIER = "com.surglogs.White-image";
				PRODUCT_NAME = "$(TARGET_NAME)";
				SWIFT_EMIT_LOC_STRINGS = YES;
				SWIFT_VERSION = 5.0;
				TARGETED_DEVICE_FAMILY = "1,2";
			};
			name = Debug;
		};
		311642962ACFE31B00315AD3 /* Release */ = {
			isa = XCBuildConfiguration;
			buildSettings = {
				ASSETCATALOG_COMPILER_APPICON_NAME = AppIcon;
				ASSETCATALOG_COMPILER_GLOBAL_ACCENT_COLOR_NAME = AccentColor;
				CODE_SIGN_STYLE = Automatic;
				CURRENT_PROJECT_VERSION = 1;
				DEVELOPMENT_TEAM = 5P927HV9G6;
				GENERATE_INFOPLIST_FILE = YES;
				INFOPLIST_FILE = "White image/Info.plist";
				INFOPLIST_KEY_UIApplicationSupportsIndirectInputEvents = YES;
				INFOPLIST_KEY_UILaunchStoryboardName = LaunchScreen;
				INFOPLIST_KEY_UIMainStoryboardFile = Main;
				INFOPLIST_KEY_UISupportedInterfaceOrientations_iPad = "UIInterfaceOrientationPortrait UIInterfaceOrientationPortraitUpsideDown UIInterfaceOrientationLandscapeLeft UIInterfaceOrientationLandscapeRight";
				INFOPLIST_KEY_UISupportedInterfaceOrientations_iPhone = "UIInterfaceOrientationPortrait UIInterfaceOrientationLandscapeLeft UIInterfaceOrientationLandscapeRight";
				LD_RUNPATH_SEARCH_PATHS = (
					"$(inherited)",
					"@executable_path/Frameworks",
				);
				MARKETING_VERSION = 1.0;
				PRODUCT_BUNDLE_IDENTIFIER = "com.surglogs.White-image";
				PRODUCT_NAME = "$(TARGET_NAME)";
				SWIFT_EMIT_LOC_STRINGS = YES;
				SWIFT_VERSION = 5.0;
				TARGETED_DEVICE_FAMILY = "1,2";
			};
			name = Release;
		};
/* End XCBuildConfiguration section */

/* Begin XCConfigurationList section */
		3116427B2ACFE31A00315AD3 /* Build configuration list for PBXProject "White image" */ = {
			isa = XCConfigurationList;
			buildConfigurations = (
				311642922ACFE31B00315AD3 /* Debug */,
				311642932ACFE31B00315AD3 /* Release */,
			);
			defaultConfigurationIsVisible = 0;
			defaultConfigurationName = Release;
		};
		311642942ACFE31B00315AD3 /* Build configuration list for PBXNativeTarget "White image" */ = {
			isa = XCConfigurationList;
			buildConfigurations = (
				311642952ACFE31B00315AD3 /* Debug */,
				311642962ACFE31B00315AD3 /* Release */,
			);
			defaultConfigurationIsVisible = 0;
			defaultConfigurationName = Release;
		};
/* End XCConfigurationList section */
	};
	rootObject = 311642782ACFE31A00315AD3 /* Project object */;
}
